// !$*UTF8*$!
{
	archiveVersion = 1;
	classes = {
	};
	objectVersion = 50;
	objects = {

/* Begin PBXBuildFile section */
		AD7E93A822CDE3F400D90068 /* AppDelegate.m in Sources */ = {isa = PBXBuildFile; fileRef = AD7E93A722CDE3F400D90068 /* AppDelegate.m */; };
		AD7E93AB22CDE3F400D90068 /* ViewController.m in Sources */ = {isa = PBXBuildFile; fileRef = AD7E93AA22CDE3F400D90068 /* ViewController.m */; };
		AD7E93AE22CDE3F500D90068 /* Main.storyboard in Resources */ = {isa = PBXBuildFile; fileRef = AD7E93AC22CDE3F500D90068 /* Main.storyboard */; };
		AD7E93B022CDE3F600D90068 /* Assets.xcassets in Resources */ = {isa = PBXBuildFile; fileRef = AD7E93AF22CDE3F600D90068 /* Assets.xcassets */; };
		AD7E93B322CDE3F600D90068 /* LaunchScreen.storyboard in Resources */ = {isa = PBXBuildFile; fileRef = AD7E93B122CDE3F600D90068 /* LaunchScreen.storyboard */; };
		AD7E93B622CDE3F600D90068 /* main.m in Sources */ = {isa = PBXBuildFile; fileRef = AD7E93B522CDE3F600D90068 /* main.m */; };
		AD7E93C022CDE3F600D90068 /* HMRuntimeTests.m in Sources */ = {isa = PBXBuildFile; fileRef = AD7E93BF22CDE3F600D90068 /* HMRuntimeTests.m */; };
		AD7E93CB22CDE3F600D90068 /* HMRuntimeUITests.m in Sources */ = {isa = PBXBuildFile; fileRef = AD7E93CA22CDE3F600D90068 /* HMRuntimeUITests.m */; };
/* End PBXBuildFile section */

/* Begin PBXContainerItemProxy section */
		AD7E93BC22CDE3F600D90068 /* PBXContainerItemProxy */ = {
			isa = PBXContainerItemProxy;
			containerPortal = AD7E939B22CDE3F400D90068 /* Project object */;
			proxyType = 1;
			remoteGlobalIDString = AD7E93A222CDE3F400D90068;
			remoteInfo = HMRuntime;
		};
		AD7E93C722CDE3F600D90068 /* PBXContainerItemProxy */ = {
			isa = PBXContainerItemProxy;
			containerPortal = AD7E939B22CDE3F400D90068 /* Project object */;
			proxyType = 1;
			remoteGlobalIDString = AD7E93A222CDE3F400D90068;
			remoteInfo = HMRuntime;
		};
/* End PBXContainerItemProxy section */

/* Begin PBXFileReference section */
		AD7E93A322CDE3F400D90068 /* HMRuntime.app */ = {isa = PBXFileReference; explicitFileType = wrapper.application; includeInIndex = 0; path = HMRuntime.app; sourceTree = BUILT_PRODUCTS_DIR; };
		AD7E93A622CDE3F400D90068 /* AppDelegate.h */ = {isa = PBXFileReference; lastKnownFileType = sourcecode.c.h; path = AppDelegate.h; sourceTree = "<group>"; };
		AD7E93A722CDE3F400D90068 /* AppDelegate.m */ = {isa = PBXFileReference; lastKnownFileType = sourcecode.c.objc; path = AppDelegate.m; sourceTree = "<group>"; };
		AD7E93A922CDE3F400D90068 /* ViewController.h */ = {isa = PBXFileReference; lastKnownFileType = sourcecode.c.h; path = ViewController.h; sourceTree = "<group>"; };
		AD7E93AA22CDE3F400D90068 /* ViewController.m */ = {isa = PBXFileReference; lastKnownFileType = sourcecode.c.objc; path = ViewController.m; sourceTree = "<group>"; };
		AD7E93AD22CDE3F500D90068 /* Base */ = {isa = PBXFileReference; lastKnownFileType = file.storyboard; name = Base; path = Base.lproj/Main.storyboard; sourceTree = "<group>"; };
		AD7E93AF22CDE3F600D90068 /* Assets.xcassets */ = {isa = PBXFileReference; lastKnownFileType = folder.assetcatalog; path = Assets.xcassets; sourceTree = "<group>"; };
		AD7E93B222CDE3F600D90068 /* Base */ = {isa = PBXFileReference; lastKnownFileType = file.storyboard; name = Base; path = Base.lproj/LaunchScreen.storyboard; sourceTree = "<group>"; };
		AD7E93B422CDE3F600D90068 /* Info.plist */ = {isa = PBXFileReference; lastKnownFileType = text.plist.xml; path = Info.plist; sourceTree = "<group>"; };
		AD7E93B522CDE3F600D90068 /* main.m */ = {isa = PBXFileReference; lastKnownFileType = sourcecode.c.objc; path = main.m; sourceTree = "<group>"; };
		AD7E93BB22CDE3F600D90068 /* HMRuntimeTests.xctest */ = {isa = PBXFileReference; explicitFileType = wrapper.cfbundle; includeInIndex = 0; path = HMRuntimeTests.xctest; sourceTree = BUILT_PRODUCTS_DIR; };
		AD7E93BF22CDE3F600D90068 /* HMRuntimeTests.m */ = {isa = PBXFileReference; lastKnownFileType = sourcecode.c.objc; path = HMRuntimeTests.m; sourceTree = "<group>"; };
		AD7E93C122CDE3F600D90068 /* Info.plist */ = {isa = PBXFileReference; lastKnownFileType = text.plist.xml; path = Info.plist; sourceTree = "<group>"; };
		AD7E93C622CDE3F600D90068 /* HMRuntimeUITests.xctest */ = {isa = PBXFileReference; explicitFileType = wrapper.cfbundle; includeInIndex = 0; path = HMRuntimeUITests.xctest; sourceTree = BUILT_PRODUCTS_DIR; };
		AD7E93CA22CDE3F600D90068 /* HMRuntimeUITests.m */ = {isa = PBXFileReference; lastKnownFileType = sourcecode.c.objc; path = HMRuntimeUITests.m; sourceTree = "<group>"; };
		AD7E93CC22CDE3F600D90068 /* Info.plist */ = {isa = PBXFileReference; lastKnownFileType = text.plist.xml; path = Info.plist; sourceTree = "<group>"; };
/* End PBXFileReference section */

/* Begin PBXFrameworksBuildPhase section */
		AD7E93A022CDE3F400D90068 /* Frameworks */ = {
			isa = PBXFrameworksBuildPhase;
			buildActionMask = 2147483647;
			files = (
			);
			runOnlyForDeploymentPostprocessing = 0;
		};
		AD7E93B822CDE3F600D90068 /* Frameworks */ = {
			isa = PBXFrameworksBuildPhase;
			buildActionMask = 2147483647;
			files = (
			);
			runOnlyForDeploymentPostprocessing = 0;
		};
		AD7E93C322CDE3F600D90068 /* Frameworks */ = {
			isa = PBXFrameworksBuildPhase;
			buildActionMask = 2147483647;
			files = (
			);
			runOnlyForDeploymentPostprocessing = 0;
		};
/* End PBXFrameworksBuildPhase section */

/* Begin PBXGroup section */
		AD7E939A22CDE3F400D90068 = {
			isa = PBXGroup;
			children = (
				AD7E93A522CDE3F400D90068 /* HMRuntime */,
				AD7E93BE22CDE3F600D90068 /* HMRuntimeTests */,
				AD7E93C922CDE3F600D90068 /* HMRuntimeUITests */,
				AD7E93A422CDE3F400D90068 /* Products */,
			);
			sourceTree = "<group>";
		};
		AD7E93A422CDE3F400D90068 /* Products */ = {
			isa = PBXGroup;
			children = (
				AD7E93A322CDE3F400D90068 /* HMRuntime.app */,
				AD7E93BB22CDE3F600D90068 /* HMRuntimeTests.xctest */,
				AD7E93C622CDE3F600D90068 /* HMRuntimeUITests.xctest */,
			);
			name = Products;
			sourceTree = "<group>";
		};
		AD7E93A522CDE3F400D90068 /* HMRuntime */ = {
			isa = PBXGroup;
			children = (
				AD7E93A622CDE3F400D90068 /* AppDelegate.h */,
				AD7E93A722CDE3F400D90068 /* AppDelegate.m */,
				AD7E93A922CDE3F400D90068 /* ViewController.h */,
				AD7E93AA22CDE3F400D90068 /* ViewController.m */,
				AD7E93AC22CDE3F500D90068 /* Main.storyboard */,
				AD7E93AF22CDE3F600D90068 /* Assets.xcassets */,
				AD7E93B122CDE3F600D90068 /* LaunchScreen.storyboard */,
				AD7E93B422CDE3F600D90068 /* Info.plist */,
				AD7E93B522CDE3F600D90068 /* main.m */,
			);
			path = HMRuntime;
			sourceTree = "<group>";
		};
		AD7E93BE22CDE3F600D90068 /* HMRuntimeTests */ = {
			isa = PBXGroup;
			children = (
				AD7E93BF22CDE3F600D90068 /* HMRuntimeTests.m */,
				AD7E93C122CDE3F600D90068 /* Info.plist */,
			);
			path = HMRuntimeTests;
			sourceTree = "<group>";
		};
		AD7E93C922CDE3F600D90068 /* HMRuntimeUITests */ = {
			isa = PBXGroup;
			children = (
				AD7E93CA22CDE3F600D90068 /* HMRuntimeUITests.m */,
				AD7E93CC22CDE3F600D90068 /* Info.plist */,
			);
			path = HMRuntimeUITests;
			sourceTree = "<group>";
		};
/* End PBXGroup section */

/* Begin PBXNativeTarget section */
		AD7E93A222CDE3F400D90068 /* HMRuntime */ = {
			isa = PBXNativeTarget;
			buildConfigurationList = AD7E93CF22CDE3F600D90068 /* Build configuration list for PBXNativeTarget "HMRuntime" */;
			buildPhases = (
				AD7E939F22CDE3F400D90068 /* Sources */,
				AD7E93A022CDE3F400D90068 /* Frameworks */,
				AD7E93A122CDE3F400D90068 /* Resources */,
			);
			buildRules = (
			);
			dependencies = (
			);
			name = HMRuntime;
			productName = HMRuntime;
			productReference = AD7E93A322CDE3F400D90068 /* HMRuntime.app */;
			productType = "com.apple.product-type.application";
		};
		AD7E93BA22CDE3F600D90068 /* HMRuntimeTests */ = {
			isa = PBXNativeTarget;
			buildConfigurationList = AD7E93D222CDE3F600D90068 /* Build configuration list for PBXNativeTarget "HMRuntimeTests" */;
			buildPhases = (
				AD7E93B722CDE3F600D90068 /* Sources */,
				AD7E93B822CDE3F600D90068 /* Frameworks */,
				AD7E93B922CDE3F600D90068 /* Resources */,
			);
			buildRules = (
			);
			dependencies = (
				AD7E93BD22CDE3F600D90068 /* PBXTargetDependency */,
			);
			name = HMRuntimeTests;
			productName = HMRuntimeTests;
			productReference = AD7E93BB22CDE3F600D90068 /* HMRuntimeTests.xctest */;
			productType = "com.apple.product-type.bundle.unit-test";
		};
		AD7E93C522CDE3F600D90068 /* HMRuntimeUITests */ = {
			isa = PBXNativeTarget;
			buildConfigurationList = AD7E93D522CDE3F600D90068 /* Build configuration list for PBXNativeTarget "HMRuntimeUITests" */;
			buildPhases = (
				AD7E93C222CDE3F600D90068 /* Sources */,
				AD7E93C322CDE3F600D90068 /* Frameworks */,
				AD7E93C422CDE3F600D90068 /* Resources */,
			);
			buildRules = (
			);
			dependencies = (
				AD7E93C822CDE3F600D90068 /* PBXTargetDependency */,
			);
			name = HMRuntimeUITests;
			productName = HMRuntimeUITests;
			productReference = AD7E93C622CDE3F600D90068 /* HMRuntimeUITests.xctest */;
			productType = "com.apple.product-type.bundle.ui-testing";
		};
/* End PBXNativeTarget section */

/* Begin PBXProject section */
		AD7E939B22CDE3F400D90068 /* Project object */ = {
			isa = PBXProject;
			attributes = {
				LastUpgradeCheck = 1020;
				ORGANIZATIONNAME = humiao;
				TargetAttributes = {
					AD7E93A222CDE3F400D90068 = {
						CreatedOnToolsVersion = 10.2.1;
					};
					AD7E93BA22CDE3F600D90068 = {
						CreatedOnToolsVersion = 10.2.1;
						TestTargetID = AD7E93A222CDE3F400D90068;
					};
					AD7E93C522CDE3F600D90068 = {
						CreatedOnToolsVersion = 10.2.1;
						TestTargetID = AD7E93A222CDE3F400D90068;
					};
				};
			};
			buildConfigurationList = AD7E939E22CDE3F400D90068 /* Build configuration list for PBXProject "HMRuntime" */;
			compatibilityVersion = "Xcode 9.3";
			developmentRegion = en;
			hasScannedForEncodings = 0;
			knownRegions = (
				en,
				Base,
			);
			mainGroup = AD7E939A22CDE3F400D90068;
			productRefGroup = AD7E93A422CDE3F400D90068 /* Products */;
			projectDirPath = "";
			projectRoot = "";
			targets = (
				AD7E93A222CDE3F400D90068 /* HMRuntime */,
				AD7E93BA22CDE3F600D90068 /* HMRuntimeTests */,
				AD7E93C522CDE3F600D90068 /* HMRuntimeUITests */,
			);
		};
/* End PBXProject section */

/* Begin PBXResourcesBuildPhase section */
		AD7E93A122CDE3F400D90068 /* Resources */ = {
			isa = PBXResourcesBuildPhase;
			buildActionMask = 2147483647;
			files = (
				AD7E93B322CDE3F600D90068 /* LaunchScreen.storyboard in Resources */,
				AD7E93B022CDE3F600D90068 /* Assets.xcassets in Resources */,
				AD7E93AE22CDE3F500D90068 /* Main.storyboard in Resources */,
			);
			runOnlyForDeploymentPostprocessing = 0;
		};
		AD7E93B922CDE3F600D90068 /* Resources */ = {
			isa = PBXResourcesBuildPhase;
			buildActionMask = 2147483647;
			files = (
			);
			runOnlyForDeploymentPostprocessing = 0;
		};
		AD7E93C422CDE3F600D90068 /* Resources */ = {
			isa = PBXResourcesBuildPhase;
			buildActionMask = 2147483647;
			files = (
			);
			runOnlyForDeploymentPostprocessing = 0;
		};
/* End PBXResourcesBuildPhase section */

/* Begin PBXSourcesBuildPhase section */
		AD7E939F22CDE3F400D90068 /* Sources */ = {
			isa = PBXSourcesBuildPhase;
			buildActionMask = 2147483647;
			files = (
				AD7E93AB22CDE3F400D90068 /* ViewController.m in Sources */,
				AD7E93B622CDE3F600D90068 /* main.m in Sources */,
				AD7E93A822CDE3F400D90068 /* AppDelegate.m in Sources */,
			);
			runOnlyForDeploymentPostprocessing = 0;
		};
		AD7E93B722CDE3F600D90068 /* Sources */ = {
			isa = PBXSourcesBuildPhase;
			buildActionMask = 2147483647;
			files = (
				AD7E93C022CDE3F600D90068 /* HMRuntimeTests.m in Sources */,
			);
			runOnlyForDeploymentPostprocessing = 0;
		};
		AD7E93C222CDE3F600D90068 /* Sources */ = {
			isa = PBXSourcesBuildPhase;
			buildActionMask = 2147483647;
			files = (
				AD7E93CB22CDE3F600D90068 /* HMRuntimeUITests.m in Sources */,
			);
			runOnlyForDeploymentPostprocessing = 0;
		};
/* End PBXSourcesBuildPhase section */

/* Begin PBXTargetDependency section */
		AD7E93BD22CDE3F600D90068 /* PBXTargetDependency */ = {
			isa = PBXTargetDependency;
			target = AD7E93A222CDE3F400D90068 /* HMRuntime */;
			targetProxy = AD7E93BC22CDE3F600D90068 /* PBXContainerItemProxy */;
		};
		AD7E93C822CDE3F600D90068 /* PBXTargetDependency */ = {
			isa = PBXTargetDependency;
			target = AD7E93A222CDE3F400D90068 /* HMRuntime */;
			targetProxy = AD7E93C722CDE3F600D90068 /* PBXContainerItemProxy */;
		};
/* End PBXTargetDependency section */

/* Begin PBXVariantGroup section */
		AD7E93AC22CDE3F500D90068 /* Main.storyboard */ = {
			isa = PBXVariantGroup;
			children = (
				AD7E93AD22CDE3F500D90068 /* Base */,
			);
			name = Main.storyboard;
			sourceTree = "<group>";
		};
		AD7E93B122CDE3F600D90068 /* LaunchScreen.storyboard */ = {
			isa = PBXVariantGroup;
			children = (
				AD7E93B222CDE3F600D90068 /* Base */,
			);
			name = LaunchScreen.storyboard;
			sourceTree = "<group>";
		};
/* End PBXVariantGroup section */

/* Begin XCBuildConfiguration section */
		AD7E93CD22CDE3F600D90068 /* Debug */ = {
			isa = XCBuildConfiguration;
			buildSettings = {
				ALWAYS_SEARCH_USER_PATHS = NO;
				CLANG_ANALYZER_NONNULL = YES;
				CLANG_ANALYZER_NUMBER_OBJECT_CONVERSION = YES_AGGRESSIVE;
				CLANG_CXX_LANGUAGE_STANDARD = "gnu++14";
				CLANG_CXX_LIBRARY = "libc++";
				CLANG_ENABLE_MODULES = YES;
				CLANG_ENABLE_OBJC_ARC = YES;
				CLANG_ENABLE_OBJC_WEAK = YES;
				CLANG_WARN_BLOCK_CAPTURE_AUTORELEASING = YES;
				CLANG_WARN_BOOL_CONVERSION = YES;
				CLANG_WARN_COMMA = YES;
				CLANG_WARN_CONSTANT_CONVERSION = YES;
				CLANG_WARN_DEPRECATED_OBJC_IMPLEMENTATIONS = YES;
				CLANG_WARN_DIRECT_OBJC_ISA_USAGE = YES_ERROR;
				CLANG_WARN_DOCUMENTATION_COMMENTS = YES;
				CLANG_WARN_EMPTY_BODY = YES;
				CLANG_WARN_ENUM_CONVERSION = YES;
				CLANG_WARN_INFINITE_RECURSION = YES;
				CLANG_WARN_INT_CONVERSION = YES;
				CLANG_WARN_NON_LITERAL_NULL_CONVERSION = YES;
				CLANG_WARN_OBJC_IMPLICIT_RETAIN_SELF = YES;
				CLANG_WARN_OBJC_LITERAL_CONVERSION = YES;
				CLANG_WARN_OBJC_ROOT_CLASS = YES_ERROR;
				CLANG_WARN_RANGE_LOOP_ANALYSIS = YES;
				CLANG_WARN_STRICT_PROTOTYPES = YES;
				CLANG_WARN_SUSPICIOUS_MOVE = YES;
				CLANG_WARN_UNGUARDED_AVAILABILITY = YES_AGGRESSIVE;
				CLANG_WARN_UNREACHABLE_CODE = YES;
				CLANG_WARN__DUPLICATE_METHOD_MATCH = YES;
				CODE_SIGN_IDENTITY = "iPhone Developer";
				COPY_PHASE_STRIP = NO;
				DEBUG_INFORMATION_FORMAT = dwarf;
				ENABLE_STRICT_OBJC_MSGSEND = YES;
				ENABLE_TESTABILITY = YES;
				GCC_C_LANGUAGE_STANDARD = gnu11;
				GCC_DYNAMIC_NO_PIC = NO;
				GCC_NO_COMMON_BLOCKS = YES;
				GCC_OPTIMIZATION_LEVEL = 0;
				GCC_PREPROCESSOR_DEFINITIONS = (
					"DEBUG=1",
					"$(inherited)",
				);
				GCC_WARN_64_TO_32_BIT_CONVERSION = YES;
				GCC_WARN_ABOUT_RETURN_TYPE = YES_ERROR;
				GCC_WARN_UNDECLARED_SELECTOR = YES;
				GCC_WARN_UNINITIALIZED_AUTOS = YES_AGGRESSIVE;
				GCC_WARN_UNUSED_FUNCTION = YES;
				GCC_WARN_UNUSED_VARIABLE = YES;
				IPHONEOS_DEPLOYMENT_TARGET = 12.2;
				MTL_ENABLE_DEBUG_INFO = INCLUDE_SOURCE;
				MTL_FAST_MATH = YES;
				ONLY_ACTIVE_ARCH = YES;
				SDKROOT = iphoneos;
			};
			name = Debug;
		};
		AD7E93CE22CDE3F600D90068 /* Release */ = {
			isa = XCBuildConfiguration;
			buildSettings = {
				ALWAYS_SEARCH_USER_PATHS = NO;
				CLANG_ANALYZER_NONNULL = YES;
				CLANG_ANALYZER_NUMBER_OBJECT_CONVERSION = YES_AGGRESSIVE;
				CLANG_CXX_LANGUAGE_STANDARD = "gnu++14";
				CLANG_CXX_LIBRARY = "libc++";
				CLANG_ENABLE_MODULES = YES;
				CLANG_ENABLE_OBJC_ARC = YES;
				CLANG_ENABLE_OBJC_WEAK = YES;
				CLANG_WARN_BLOCK_CAPTURE_AUTORELEASING = YES;
				CLANG_WARN_BOOL_CONVERSION = YES;
				CLANG_WARN_COMMA = YES;
				CLANG_WARN_CONSTANT_CONVERSION = YES;
				CLANG_WARN_DEPRECATED_OBJC_IMPLEMENTATIONS = YES;
				CLANG_WARN_DIRECT_OBJC_ISA_USAGE = YES_ERROR;
				CLANG_WARN_DOCUMENTATION_COMMENTS = YES;
				CLANG_WARN_EMPTY_BODY = YES;
				CLANG_WARN_ENUM_CONVERSION = YES;
				CLANG_WARN_INFINITE_RECURSION = YES;
				CLANG_WARN_INT_CONVERSION = YES;
				CLANG_WARN_NON_LITERAL_NULL_CONVERSION = YES;
				CLANG_WARN_OBJC_IMPLICIT_RETAIN_SELF = YES;
				CLANG_WARN_OBJC_LITERAL_CONVERSION = YES;
				CLANG_WARN_OBJC_ROOT_CLASS = YES_ERROR;
				CLANG_WARN_RANGE_LOOP_ANALYSIS = YES;
				CLANG_WARN_STRICT_PROTOTYPES = YES;
				CLANG_WARN_SUSPICIOUS_MOVE = YES;
				CLANG_WARN_UNGUARDED_AVAILABILITY = YES_AGGRESSIVE;
				CLANG_WARN_UNREACHABLE_CODE = YES;
				CLANG_WARN__DUPLICATE_METHOD_MATCH = YES;
				CODE_SIGN_IDENTITY = "iPhone Developer";
				COPY_PHASE_STRIP = NO;
				DEBUG_INFORMATION_FORMAT = "dwarf-with-dsym";
				ENABLE_NS_ASSERTIONS = NO;
				ENABLE_STRICT_OBJC_MSGSEND = YES;
				GCC_C_LANGUAGE_STANDARD = gnu11;
				GCC_NO_COMMON_BLOCKS = YES;
				GCC_WARN_64_TO_32_BIT_CONVERSION = YES;
				GCC_WARN_ABOUT_RETURN_TYPE = YES_ERROR;
				GCC_WARN_UNDECLARED_SELECTOR = YES;
				GCC_WARN_UNINITIALIZED_AUTOS = YES_AGGRESSIVE;
				GCC_WARN_UNUSED_FUNCTION = YES;
				GCC_WARN_UNUSED_VARIABLE = YES;
				IPHONEOS_DEPLOYMENT_TARGET = 12.2;
				MTL_ENABLE_DEBUG_INFO = NO;
				MTL_FAST_MATH = YES;
				SDKROOT = iphoneos;
				VALIDATE_PRODUCT = YES;
			};
			name = Release;
		};
		AD7E93D022CDE3F600D90068 /* Debug */ = {
			isa = XCBuildConfiguration;
			buildSettings = {
				ASSETCATALOG_COMPILER_APPICON_NAME = AppIcon;
				CODE_SIGN_STYLE = Automatic;
				INFOPLIST_FILE = HMRuntime/Info.plist;
				LD_RUNPATH_SEARCH_PATHS = (
					"$(inherited)",
					"@executable_path/Frameworks",
				);
				PRODUCT_BUNDLE_IDENTIFIER = com.hm.www.HMRuntime;
				PRODUCT_NAME = "$(TARGET_NAME)";
				TARGETED_DEVICE_FAMILY = "1,2";
			};
			name = Debug;
		};
		AD7E93D122CDE3F600D90068 /* Release */ = {
			isa = XCBuildConfiguration;
			buildSettings = {
				ASSETCATALOG_COMPILER_APPICON_NAME = AppIcon;
				CODE_SIGN_STYLE = Automatic;
				INFOPLIST_FILE = HMRuntime/Info.plist;
				LD_RUNPATH_SEARCH_PATHS = (
					"$(inherited)",
					"@executable_path/Frameworks",
				);
				PRODUCT_BUNDLE_IDENTIFIER = com.hm.www.HMRuntime;
				PRODUCT_NAME = "$(TARGET_NAME)";
				TARGETED_DEVICE_FAMILY = "1,2";
			};
			name = Release;
		};
		AD7E93D322CDE3F600D90068 /* Debug */ = {
			isa = XCBuildConfiguration;
			buildSettings = {
				BUNDLE_LOADER = "$(TEST_HOST)";
				CODE_SIGN_STYLE = Automatic;
				INFOPLIST_FILE = HMRuntimeTests/Info.plist;
				LD_RUNPATH_SEARCH_PATHS = (
					"$(inherited)",
					"@executable_path/Frameworks",
					"@loader_path/Frameworks",
				);
				PRODUCT_BUNDLE_IDENTIFIER = com.hm.www.HMRuntimeTests;
				PRODUCT_NAME = "$(TARGET_NAME)";
				TARGETED_DEVICE_FAMILY = "1,2";
				TEST_HOST = "$(BUILT_PRODUCTS_DIR)/HMRuntime.app/HMRuntime";
			};
			name = Debug;
		};
		AD7E93D422CDE3F600D90068 /* Release */ = {
			isa = XCBuildConfiguration;
			buildSettings = {
				BUNDLE_LOADER = "$(TEST_HOST)";
				CODE_SIGN_STYLE = Automatic;
				INFOPLIST_FILE = HMRuntimeTests/Info.plist;
				LD_RUNPATH_SEARCH_PATHS = (
					"$(inherited)",
					"@executable_path/Frameworks",
					"@loader_path/Frameworks",
				);
				PRODUCT_BUNDLE_IDENTIFIER = com.hm.www.HMRuntimeTests;
				PRODUCT_NAME = "$(TARGET_NAME)";
				TARGETED_DEVICE_FAMILY = "1,2";
				TEST_HOST = "$(BUILT_PRODUCTS_DIR)/HMRuntime.app/HMRuntime";
			};
			name = Release;
		};
		AD7E93D622CDE3F600D90068 /* Debug */ = {
			isa = XCBuildConfiguration;
			buildSettings = {
				CODE_SIGN_STYLE = Automatic;
				INFOPLIST_FILE = HMRuntimeUITests/Info.plist;
				LD_RUNPATH_SEARCH_PATHS = (
					"$(inherited)",
					"@executable_path/Frameworks",
					"@loader_path/Frameworks",
				);
				PRODUCT_BUNDLE_IDENTIFIER = com.hm.www.HMRuntimeUITests;
				PRODUCT_NAME = "$(TARGET_NAME)";
				TARGETED_DEVICE_FAMILY = "1,2";
				TEST_TARGET_NAME = HMRuntime;
			};
			name = Debug;
		};
		AD7E93D722CDE3F600D90068 /* Release */ = {
			isa = XCBuildConfiguration;
			buildSettings = {
				CODE_SIGN_STYLE = Automatic;
				INFOPLIST_FILE = HMRuntimeUITests/Info.plist;
				LD_RUNPATH_SEARCH_PATHS = (
					"$(inherited)",
					"@executable_path/Frameworks",
					"@loader_path/Frameworks",
				);
				PRODUCT_BUNDLE_IDENTIFIER = com.hm.www.HMRuntimeUITests;
				PRODUCT_NAME = "$(TARGET_NAME)";
				TARGETED_DEVICE_FAMILY = "1,2";
				TEST_TARGET_NAME = HMRuntime;
			};
			name = Release;
		};
/* End XCBuildConfiguration section */

/* Begin XCConfigurationList section */
		AD7E939E22CDE3F400D90068 /* Build configuration list for PBXProject "HMRuntime" */ = {
			isa = XCConfigurationList;
			buildConfigurations = (
				AD7E93CD22CDE3F600D90068 /* Debug */,
				AD7E93CE22CDE3F600D90068 /* Release */,
			);
			defaultConfigurationIsVisible = 0;
			defaultConfigurationName = Release;
		};
		AD7E93CF22CDE3F600D90068 /* Build configuration list for PBXNativeTarget "HMRuntime" */ = {
			isa = XCConfigurationList;
			buildConfigurations = (
				AD7E93D022CDE3F600D90068 /* Debug */,
				AD7E93D122CDE3F600D90068 /* Release */,
			);
			defaultConfigurationIsVisible = 0;
			defaultConfigurationName = Release;
		};
		AD7E93D222CDE3F600D90068 /* Build configuration list for PBXNativeTarget "HMRuntimeTests" */ = {
			isa = XCConfigurationList;
			buildConfigurations = (
				AD7E93D322CDE3F600D90068 /* Debug */,
				AD7E93D422CDE3F600D90068 /* Release */,
			);
			defaultConfigurationIsVisible = 0;
			defaultConfigurationName = Release;
		};
		AD7E93D522CDE3F600D90068 /* Build configuration list for PBXNativeTarget "HMRuntimeUITests" */ = {
			isa = XCConfigurationList;
			buildConfigurations = (
				AD7E93D622CDE3F600D90068 /* Debug */,
				AD7E93D722CDE3F600D90068 /* Release */,
			);
			defaultConfigurationIsVisible = 0;
			defaultConfigurationName = Release;
		};
/* End XCConfigurationList section */
	};
	rootObject = AD7E939B22CDE3F400D90068 /* Project object */;
}
